<?xml version="1.0" encoding="utf-8"?>
<Project ToolsVersion="4.0" xmlns="http://schemas.microsoft.com/developer/msbuild/2003">
  <ItemGroup>
    <ClCompile Include="main.cpp" />
    <ClCompile Include="assembler.cpp" />
    <ClCompile Include="utils.cpp" />
    <ClCompile Include="Instructions\instruction.cpp">
      <Filter>Instructions</Filter>
    </ClCompile>
    <ClCompile Include="Instructions\instruction_basic.cpp">
      <Filter>Instructions</Filter>
    </ClCompile>
    <ClCompile Include="Instructions\instruction_fpush.cpp">
      <Filter>Instructions</Filter>
    </ClCompile>
    <ClCompile Include="Instructions\instruction_ipush.cpp">
      <Filter>Instructions</Filter>
    </ClCompile>
    <ClCompile Include="native_collector.cpp" />
    <ClCompile Include="Instructions\instruction_native.cpp">
      <Filter>Instructions</Filter>
    </ClCompile>
    <ClCompile Include="label_collector.cpp" />
    <ClCompile Include="Instructions\instruction_enter.cpp">
      <Filter>Instructions</Filter>
    </ClCompile>
    <ClCompile Include="Instructions\instruction_ret.cpp">
      <Filter>Instructions</Filter>
    </ClCompile>
    <ClCompile Include="ysc_header.cpp" />
    <ClCompile Include="Instructions\instruction_jmp.cpp">
      <Filter>Instructions</Filter>
    </ClCompile>
    <ClCompile Include="Instructions\instruction_spush.cpp">
      <Filter>Instructions</Filter>
    </ClCompile>
    <ClCompile Include="string_collector.cpp" />
    <ClCompile Include="Instructions\instruction_call.cpp">
      <Filter>Instructions</Filter>
    </ClCompile>
    <ClCompile Include="Instructions\instruction_getframe.cpp">
      <Filter>Instructions</Filter>
    </ClCompile>
    <ClCompile Include="Instructions\instruction_setframe.cpp">
      <Filter>Instructions</Filter>
    </ClCompile>
    <ClCompile Include="Instructions\instruction_getframep.cpp">
      <Filter>Instructions</Filter>
    </ClCompile>
  </ItemGroup>
  <ItemGroup>
    <ClInclude Include="main.h" />
    <ClInclude Include="assembler.h" />
    <ClInclude Include="utils.h" />
    <ClInclude Include="Instructions\instruction.h">
      <Filter>Instructions</Filter>
    </ClInclude>
    <ClInclude Include="Instructions\instruction_basic.h">
      <Filter>Instructions</Filter>
    </ClInclude>
    <ClInclude Include="Instructions\instruction_fpush.h">
      <Filter>Instructions</Filter>
    </ClInclude>
    <ClInclude Include="Instructions\instruction_ipush.h">
      <Filter>Instructions</Filter>
    </ClInclude>
    <ClInclude Include="native_collector.h" />
    <ClInclude Include="Instructions\instruction_native.h">
      <Filter>Instructions</Filter>
    </ClInclude>
    <ClInclude Include="label_collector.h" />
    <ClInclude Include="Instructions\instruction_enter.h">
      <Filter>Instructions</Filter>
    </ClInclude>
    <ClInclude Include="Instructions\instruction_ret.h">
      <Filter>Instructions</Filter>
    </ClInclude>
    <ClInclude Include="ysc_header.h" />
    <ClInclude Include="Instructions\instruction_jmp.h">
      <Filter>Instructions</Filter>
    </ClInclude>
    <ClInclude Include="Instructions\instruction_spush.h">
      <Filter>Instructions</Filter>
    </ClInclude>
    <ClInclude Include="string_collector.h" />
    <ClInclude Include="Instructions\instruction_call.h">
      <Filter>Instructions</Filter>
    </ClInclude>
    <ClInclude Include="Instructions\instruction_getframe.h">
      <Filter>Instructions</Filter>
    </ClInclude>
    <ClInclude Include="Instructions\instruction_setframe.h">
      <Filter>Instructions</Filter>
    </ClInclude>
    <ClInclude Include="Instructions\instruction_getframep.h">
      <Filter>Instructions</Filter>
    </ClInclude>
  </ItemGroup>
  <ItemGroup>
    <Filter Include="Instructions">
      <UniqueIdentifier>{f22e2b45-f439-4427-bb6b-dbd285d8b6d5}</UniqueIdentifier>
    </Filter>
  </ItemGroup>
</Project>